
Microsoft Visual Studio Solution File, Format Version 12.00
# Visual Studio 15
VisualStudioVersion = 15.0.28307.136
MinimumVisualStudioVersion = 10.0.40219.1
Project("{9A19103F-16F7-4668-BE54-9A1E7A4F7556}") = "Bradgate.Utilities", "Bradgate.Utilities\Bradgate.Utilities.csproj", "{B07727A3-694B-4147-89EE-F34827482290}"
EndProject
Project("{2150E333-8FDC-42A3-9474-1A3956D46DE8}") = "20-Migration", "20-Migration", "{DFFAC444-B259-4CA3-B470-AE647448427D}"
EndProject
Project("{9A19103F-16F7-4668-BE54-9A1E7A4F7556}") = "Bradgate.Migration", "Bradgate.Migration\Bradgate.Migration.csproj", "{301850B4-E4F3-4ED3-A1A1-3BC33A86E476}"
EndProject
Project("{FAE04EC0-301F-11D3-BF4B-00C04F79EFBC}") = "Bradgate.UI", "Bradgate.UI\Bradgate.UI.csproj", "{A0FB4F8F-3698-4FB3-922F-F8CA2ACAC956}"
EndProject
Project("{FAE04EC0-301F-11D3-BF4B-00C04F79EFBC}") = "Bradgate.UI.Tests", "Bradgate.UI.Tests\Bradgate.UI.Tests.csproj", "{EA8C4A9A-325C-469E-B31E-DC9E93ACAF87}"
EndProject
Project("{FAE04EC0-301F-11D3-BF4B-00C04F79EFBC}") = "Bradgate.Seed", "Bradgate.Seed\Bradgate.Seed.csproj", "{526E8C1F-116B-4506-8B38-F8CA20F9B91A}"
EndProject
Project("{2150E333-8FDC-42A3-9474-1A3956D46DE8}") = "30-BC_SeventyClub", "30-BC_SeventyClub", "{46975889-ABE0-4EAF-BE9A-16F5E5F039E5}"
EndProject
Project("{9A19103F-16F7-4668-BE54-9A1E7A4F7556}") = "Bradgate.SeventyClub.Interface", "Bradgate.SeventyClub.Interface\Bradgate.SeventyClub.Interface.csproj", "{2826F91E-C811-4547-935B-3AB883CD0D3D}"
EndProject
Project("{2150E333-8FDC-42A3-9474-1A3956D46DE8}") = "30-2-Interface", "30-2-Interface", "{EB0D9DBA-B92C-42F3-B31D-3D3076447B4D}"
EndProject
Project("{2150E333-8FDC-42A3-9474-1A3956D46DE8}") = "30-1-Domain", "30-1-Domain", "{EEC81459-2458-48D8-B7E0-EACFE0640E24}"
EndProject
Project("{2150E333-8FDC-42A3-9474-1A3956D46DE8}") = "30-3-Acl", "30-3-Acl", "{6E5656BE-0E70-4FC4-81C8-3CE75E59DB1B}"
EndProject
Project("{2150E333-8FDC-42A3-9474-1A3956D46DE8}") = "30-4-Data", "30-4-Data", "{7DACB388-9EE6-486E-AF8B-99065D0B675E}"
EndProject
Project("{2150E333-8FDC-42A3-9474-1A3956D46DE8}") = "30-5-Service", "30-5-Service", "{911F8E30-A4C7-4786-8CF4-8169F9AFA36C}"
EndProject
Project("{9A19103F-16F7-4668-BE54-9A1E7A4F7556}") = "Bradgate.SeventyClub.Domain", "Bradgate.SeventyClub.Domain\Bradgate.SeventyClub.Domain.csproj", "{9AA6DA3F-91F0-4045-95C6-E390E06715F1}"
EndProject
Project("{2150E333-8FDC-42A3-9474-1A3956D46DE8}") = "01-General", "01-General", "{D858CF77-66A6-4E9F-B77D-E32431FFDD29}"
EndProject
Project("{9A19103F-16F7-4668-BE54-9A1E7A4F7556}") = "Bradgate.General", "Bradgate.General\Bradgate.General.csproj", "{0B770B00-7D3C-456C-A945-BFC32CE6470C}"
EndProject
Project("{FAE04EC0-301F-11D3-BF4B-00C04F79EFBC}") = "Bradgate.SeventyClub.Acl", "Bradgate.SeventyClub.Acl\Bradgate.SeventyClub.Acl.csproj", "{1C467ABF-DCF4-4C42-8CF0-696D22EAA2ED}"
EndProject
Project("{FAE04EC0-301F-11D3-BF4B-00C04F79EFBC}") = "Bradgate.SeventyClub.Service", "Bradgate.SeventyClub.Service\Bradgate.SeventyClub.Service.csproj", "{003BB109-C417-4306-8BE8-D4A1EA834C4E}"
EndProject
Project("{FAE04EC0-301F-11D3-BF4B-00C04F79EFBC}") = "Bradgate.SeventyClub.Data", "Bradgate.SeventyClub.Data\Bradgate.SeventyClub.Data.csproj", "{84F85978-9052-41A8-8960-0B5DA3998E86}"
EndProject
Global
	GlobalSection(SolutionConfigurationPlatforms) = preSolution
		Debug|Any CPU = Debug|Any CPU
		Release|Any CPU = Release|Any CPU
	EndGlobalSection
	GlobalSection(ProjectConfigurationPlatforms) = postSolution
		{B07727A3-694B-4147-89EE-F34827482290}.Debug|Any CPU.ActiveCfg = Debug|Any CPU
		{B07727A3-694B-4147-89EE-F34827482290}.Debug|Any CPU.Build.0 = Debug|Any CPU
		{B07727A3-694B-4147-89EE-F34827482290}.Release|Any CPU.ActiveCfg = Release|Any CPU
		{B07727A3-694B-4147-89EE-F34827482290}.Release|Any CPU.Build.0 = Release|Any CPU
		{301850B4-E4F3-4ED3-A1A1-3BC33A86E476}.Debug|Any CPU.ActiveCfg = Debug|Any CPU
		{301850B4-E4F3-4ED3-A1A1-3BC33A86E476}.Debug|Any CPU.Build.0 = Debug|Any CPU
		{301850B4-E4F3-4ED3-A1A1-3BC33A86E476}.Release|Any CPU.ActiveCfg = Release|Any CPU
		{301850B4-E4F3-4ED3-A1A1-3BC33A86E476}.Release|Any CPU.Build.0 = Release|Any CPU
		{A0FB4F8F-3698-4FB3-922F-F8CA2ACAC956}.Debug|Any CPU.ActiveCfg = Debug|Any CPU
		{A0FB4F8F-3698-4FB3-922F-F8CA2ACAC956}.Debug|Any CPU.Build.0 = Debug|Any CPU
		{A0FB4F8F-3698-4FB3-922F-F8CA2ACAC956}.Release|Any CPU.ActiveCfg = Release|Any CPU
		{A0FB4F8F-3698-4FB3-922F-F8CA2ACAC956}.Release|Any CPU.Build.0 = Release|Any CPU
		{EA8C4A9A-325C-469E-B31E-DC9E93ACAF87}.Debug|Any CPU.ActiveCfg = Debug|Any CPU
		{EA8C4A9A-325C-469E-B31E-DC9E93ACAF87}.Debug|Any CPU.Build.0 = Debug|Any CPU
		{EA8C4A9A-325C-469E-B31E-DC9E93ACAF87}.Release|Any CPU.ActiveCfg = Release|Any CPU
		{EA8C4A9A-325C-469E-B31E-DC9E93ACAF87}.Release|Any CPU.Build.0 = Release|Any CPU
		{526E8C1F-116B-4506-8B38-F8CA20F9B91A}.Debug|Any CPU.ActiveCfg = Debug|Any CPU
		{526E8C1F-116B-4506-8B38-F8CA20F9B91A}.Debug|Any CPU.Build.0 = Debug|Any CPU
		{526E8C1F-116B-4506-8B38-F8CA20F9B91A}.Release|Any CPU.ActiveCfg = Release|Any CPU
		{526E8C1F-116B-4506-8B38-F8CA20F9B91A}.Release|Any CPU.Build.0 = Release|Any CPU
		{2826F91E-C811-4547-935B-3AB883CD0D3D}.Debug|Any CPU.ActiveCfg = Debug|Any CPU
		{2826F91E-C811-4547-935B-3AB883CD0D3D}.Debug|Any CPU.Build.0 = Debug|Any CPU
		{2826F91E-C811-4547-935B-3AB883CD0D3D}.Release|Any CPU.ActiveCfg = Release|Any CPU
		{2826F91E-C811-4547-935B-3AB883CD0D3D}.Release|Any CPU.Build.0 = Release|Any CPU
		{9AA6DA3F-91F0-4045-95C6-E390E06715F1}.Debug|Any CPU.ActiveCfg = Debug|Any CPU
		{9AA6DA3F-91F0-4045-95C6-E390E06715F1}.Debug|Any CPU.Build.0 = Debug|Any CPU
		{9AA6DA3F-91F0-4045-95C6-E390E06715F1}.Release|Any CPU.ActiveCfg = Release|Any CPU
		{9AA6DA3F-91F0-4045-95C6-E390E06715F1}.Release|Any CPU.Build.0 = Release|Any CPU
		{0B770B00-7D3C-456C-A945-BFC32CE6470C}.Debug|Any CPU.ActiveCfg = Debug|Any CPU
		{0B770B00-7D3C-456C-A945-BFC32CE6470C}.Debug|Any CPU.Build.0 = Debug|Any CPU
		{0B770B00-7D3C-456C-A945-BFC32CE6470C}.Release|Any CPU.ActiveCfg = Release|Any CPU
		{0B770B00-7D3C-456C-A945-BFC32CE6470C}.Release|Any CPU.Build.0 = Release|Any CPU
		{1C467ABF-DCF4-4C42-8CF0-696D22EAA2ED}.Debug|Any CPU.ActiveCfg = Debug|Any CPU
		{1C467ABF-DCF4-4C42-8CF0-696D22EAA2ED}.Debug|Any CPU.Build.0 = Debug|Any CPU
		{1C467ABF-DCF4-4C42-8CF0-696D22EAA2ED}.Release|Any CPU.ActiveCfg = Release|Any CPU
		{1C467ABF-DCF4-4C42-8CF0-696D22EAA2ED}.Release|Any CPU.Build.0 = Release|Any CPU
		{003BB109-C417-4306-8BE8-D4A1EA834C4E}.Debug|Any CPU.ActiveCfg = Debug|Any CPU
		{003BB109-C417-4306-8BE8-D4A1EA834C4E}.Debug|Any CPU.Build.0 = Debug|Any CPU
		{003BB109-C417-4306-8BE8-D4A1EA834C4E}.Release|Any CPU.ActiveCfg = Release|Any CPU
		{003BB109-C417-4306-8BE8-D4A1EA834C4E}.Release|Any CPU.Build.0 = Release|Any CPU
		{84F85978-9052-41A8-8960-0B5DA3998E86}.Debug|Any CPU.ActiveCfg = Debug|Any CPU
		{84F85978-9052-41A8-8960-0B5DA3998E86}.Debug|Any CPU.Build.0 = Debug|Any CPU
		{84F85978-9052-41A8-8960-0B5DA3998E86}.Release|Any CPU.ActiveCfg = Release|Any CPU
		{84F85978-9052-41A8-8960-0B5DA3998E86}.Release|Any CPU.Build.0 = Release|Any CPU
	EndGlobalSection
	GlobalSection(SolutionProperties) = preSolution
		HideSolutionNode = FALSE
	EndGlobalSection
	GlobalSection(NestedProjects) = preSolution
		{301850B4-E4F3-4ED3-A1A1-3BC33A86E476} = {DFFAC444-B259-4CA3-B470-AE647448427D}
		{2826F91E-C811-4547-935B-3AB883CD0D3D} = {EB0D9DBA-B92C-42F3-B31D-3D3076447B4D}
		{EB0D9DBA-B92C-42F3-B31D-3D3076447B4D} = {46975889-ABE0-4EAF-BE9A-16F5E5F039E5}
		{EEC81459-2458-48D8-B7E0-EACFE0640E24} = {46975889-ABE0-4EAF-BE9A-16F5E5F039E5}
		{6E5656BE-0E70-4FC4-81C8-3CE75E59DB1B} = {46975889-ABE0-4EAF-BE9A-16F5E5F039E5}
		{7DACB388-9EE6-486E-AF8B-99065D0B675E} = {46975889-ABE0-4EAF-BE9A-16F5E5F039E5}
		{911F8E30-A4C7-4786-8CF4-8169F9AFA36C} = {46975889-ABE0-4EAF-BE9A-16F5E5F039E5}
		{9AA6DA3F-91F0-4045-95C6-E390E06715F1} = {EEC81459-2458-48D8-B7E0-EACFE0640E24}
		{0B770B00-7D3C-456C-A945-BFC32CE6470C} = {D858CF77-66A6-4E9F-B77D-E32431FFDD29}
		{1C467ABF-DCF4-4C42-8CF0-696D22EAA2ED} = {6E5656BE-0E70-4FC4-81C8-3CE75E59DB1B}
		{003BB109-C417-4306-8BE8-D4A1EA834C4E} = {911F8E30-A4C7-4786-8CF4-8169F9AFA36C}
		{84F85978-9052-41A8-8960-0B5DA3998E86} = {7DACB388-9EE6-486E-AF8B-99065D0B675E}
	EndGlobalSection
	GlobalSection(ExtensibilityGlobals) = postSolution
		SolutionGuid = {1549475C-D1B1-46C7-A225-E6B6DA0EEE09}
	EndGlobalSection
EndGlobal
